// !$*UTF8*$!
{
	archiveVersion = 1;
	classes = {
	};
	objectVersion = 55;
	objects = {

/* Begin PBXBuildFile section */
		29FBDB13289C5CC100EBD0E4 /* RunningMetronome WatchKit App.app in Embed Watch Content */ = {isa = PBXBuildFile; fileRef = 29FBDB12289C5CC100EBD0E4 /* RunningMetronome WatchKit App.app */; settings = {ATTRIBUTES = (RemoveHeadersOnCopy, ); }; };
		29FBDB18289C5CC400EBD0E4 /* Assets.xcassets in Resources */ = {isa = PBXBuildFile; fileRef = 29FBDB17289C5CC400EBD0E4 /* Assets.xcassets */; };
		29FBDB1E289C5CC500EBD0E4 /* RunningMetronome WatchKit Extension.appex in Embed App Extensions */ = {isa = PBXBuildFile; fileRef = 29FBDB1D289C5CC500EBD0E4 /* RunningMetronome WatchKit Extension.appex */; settings = {ATTRIBUTES = (RemoveHeadersOnCopy, ); }; };
		29FBDB23289C5CC500EBD0E4 /* ContentView.swift in Sources */ = {isa = PBXBuildFile; fileRef = 29FBDB22289C5CC500EBD0E4 /* ContentView.swift */; };
		29FBDB25289C5CC500EBD0E4 /* RunningMetronomeApp.swift in Sources */ = {isa = PBXBuildFile; fileRef = 29FBDB24289C5CC500EBD0E4 /* RunningMetronomeApp.swift */; };
		29FBDB27289C5CC500EBD0E4 /* ComplicationController.swift in Sources */ = {isa = PBXBuildFile; fileRef = 29FBDB26289C5CC500EBD0E4 /* ComplicationController.swift */; };
		29FBDB29289C5CC600EBD0E4 /* Assets.xcassets in Resources */ = {isa = PBXBuildFile; fileRef = 29FBDB28289C5CC600EBD0E4 /* Assets.xcassets */; };
		29FBDB2C289C5CC600EBD0E4 /* Preview Assets.xcassets in Resources */ = {isa = PBXBuildFile; fileRef = 29FBDB2B289C5CC600EBD0E4 /* Preview Assets.xcassets */; };
/* End PBXBuildFile section */

/* Begin PBXContainerItemProxy section */
		29FBDB14289C5CC100EBD0E4 /* PBXContainerItemProxy */ = {
			isa = PBXContainerItemProxy;
			containerPortal = 29FBDB08289C5CC100EBD0E4 /* Project object */;
			proxyType = 1;
			remoteGlobalIDString = 29FBDB11289C5CC100EBD0E4;
			remoteInfo = "RunningMetronome WatchKit App";
		};
		29FBDB1F289C5CC500EBD0E4 /* PBXContainerItemProxy */ = {
			isa = PBXContainerItemProxy;
			containerPortal = 29FBDB08289C5CC100EBD0E4 /* Project object */;
			proxyType = 1;
			remoteGlobalIDString = 29FBDB1C289C5CC500EBD0E4;
			remoteInfo = "RunningMetronome WatchKit Extension";
		};
/* End PBXContainerItemProxy section */

/* Begin PBXCopyFilesBuildPhase section */
		29FBDB33289C5CC600EBD0E4 /* Embed App Extensions */ = {
			isa = PBXCopyFilesBuildPhase;
			buildActionMask = 2147483647;
			dstPath = "";
			dstSubfolderSpec = 13;
			files = (
				29FBDB1E289C5CC500EBD0E4 /* RunningMetronome WatchKit Extension.appex in Embed App Extensions */,
			);
			name = "Embed App Extensions";
			runOnlyForDeploymentPostprocessing = 0;
		};
		29FBDB37289C5CC600EBD0E4 /* Embed Watch Content */ = {
			isa = PBXCopyFilesBuildPhase;
			buildActionMask = 2147483647;
			dstPath = "$(CONTENTS_FOLDER_PATH)/Watch";
			dstSubfolderSpec = 16;
			files = (
				29FBDB13289C5CC100EBD0E4 /* RunningMetronome WatchKit App.app in Embed Watch Content */,
			);
			name = "Embed Watch Content";
			runOnlyForDeploymentPostprocessing = 0;
		};
/* End PBXCopyFilesBuildPhase section */

/* Begin PBXFileReference section */
		29FBDB0E289C5CC100EBD0E4 /* RunningMetronome.app */ = {isa = PBXFileReference; explicitFileType = wrapper.application; includeInIndex = 0; path = RunningMetronome.app; sourceTree = BUILT_PRODUCTS_DIR; };
		29FBDB12289C5CC100EBD0E4 /* RunningMetronome WatchKit App.app */ = {isa = PBXFileReference; explicitFileType = wrapper.application; includeInIndex = 0; path = "RunningMetronome WatchKit App.app"; sourceTree = BUILT_PRODUCTS_DIR; };
		29FBDB17289C5CC400EBD0E4 /* Assets.xcassets */ = {isa = PBXFileReference; lastKnownFileType = folder.assetcatalog; path = Assets.xcassets; sourceTree = "<group>"; };
		29FBDB1D289C5CC500EBD0E4 /* RunningMetronome WatchKit Extension.appex */ = {isa = PBXFileReference; explicitFileType = "wrapper.app-extension"; includeInIndex = 0; path = "RunningMetronome WatchKit Extension.appex"; sourceTree = BUILT_PRODUCTS_DIR; };
		29FBDB22289C5CC500EBD0E4 /* ContentView.swift */ = {isa = PBXFileReference; lastKnownFileType = sourcecode.swift; path = ContentView.swift; sourceTree = "<group>"; };
		29FBDB24289C5CC500EBD0E4 /* RunningMetronomeApp.swift */ = {isa = PBXFileReference; lastKnownFileType = sourcecode.swift; path = RunningMetronomeApp.swift; sourceTree = "<group>"; };
		29FBDB26289C5CC500EBD0E4 /* ComplicationController.swift */ = {isa = PBXFileReference; lastKnownFileType = sourcecode.swift; path = ComplicationController.swift; sourceTree = "<group>"; };
		29FBDB28289C5CC600EBD0E4 /* Assets.xcassets */ = {isa = PBXFileReference; lastKnownFileType = folder.assetcatalog; path = Assets.xcassets; sourceTree = "<group>"; };
		29FBDB2B289C5CC600EBD0E4 /* Preview Assets.xcassets */ = {isa = PBXFileReference; lastKnownFileType = folder.assetcatalog; path = "Preview Assets.xcassets"; sourceTree = "<group>"; };
		29FBDB2D289C5CC600EBD0E4 /* Info.plist */ = {isa = PBXFileReference; lastKnownFileType = text.plist.xml; path = Info.plist; sourceTree = "<group>"; };
/* End PBXFileReference section */

/* Begin PBXFrameworksBuildPhase section */
		29FBDB1A289C5CC500EBD0E4 /* Frameworks */ = {
			isa = PBXFrameworksBuildPhase;
			buildActionMask = 2147483647;
			files = (
			);
			runOnlyForDeploymentPostprocessing = 0;
		};
/* End PBXFrameworksBuildPhase section */

/* Begin PBXGroup section */
		29FBDB07289C5CC100EBD0E4 = {
			isa = PBXGroup;
			children = (
				29FBDB16289C5CC100EBD0E4 /* RunningMetronome WatchKit App */,
				29FBDB21289C5CC500EBD0E4 /* RunningMetronome WatchKit Extension */,
				29FBDB0F289C5CC100EBD0E4 /* Products */,
			);
			sourceTree = "<group>";
		};
		29FBDB0F289C5CC100EBD0E4 /* Products */ = {
			isa = PBXGroup;
			children = (
				29FBDB0E289C5CC100EBD0E4 /* RunningMetronome.app */,
				29FBDB12289C5CC100EBD0E4 /* RunningMetronome WatchKit App.app */,
				29FBDB1D289C5CC500EBD0E4 /* RunningMetronome WatchKit Extension.appex */,
			);
			name = Products;
			sourceTree = "<group>";
		};
		29FBDB16289C5CC100EBD0E4 /* RunningMetronome WatchKit App */ = {
			isa = PBXGroup;
			children = (
				29FBDB17289C5CC400EBD0E4 /* Assets.xcassets */,
			);
			path = "RunningMetronome WatchKit App";
			sourceTree = "<group>";
		};
		29FBDB21289C5CC500EBD0E4 /* RunningMetronome WatchKit Extension */ = {
			isa = PBXGroup;
			children = (
				29FBDB22289C5CC500EBD0E4 /* ContentView.swift */,
				29FBDB24289C5CC500EBD0E4 /* RunningMetronomeApp.swift */,
				29FBDB26289C5CC500EBD0E4 /* ComplicationController.swift */,
				29FBDB28289C5CC600EBD0E4 /* Assets.xcassets */,
				29FBDB2D289C5CC600EBD0E4 /* Info.plist */,
				29FBDB2A289C5CC600EBD0E4 /* Preview Content */,
			);
			path = "RunningMetronome WatchKit Extension";
			sourceTree = "<group>";
		};
		29FBDB2A289C5CC600EBD0E4 /* Preview Content */ = {
			isa = PBXGroup;
			children = (
				29FBDB2B289C5CC600EBD0E4 /* Preview Assets.xcassets */,
			);
			path = "Preview Content";
			sourceTree = "<group>";
		};
/* End PBXGroup section */

/* Begin PBXNativeTarget section */
		29FBDB0D289C5CC100EBD0E4 /* RunningMetronome */ = {
			isa = PBXNativeTarget;
			buildConfigurationList = 29FBDB38289C5CC600EBD0E4 /* Build configuration list for PBXNativeTarget "RunningMetronome" */;
			buildPhases = (
				29FBDB0C289C5CC100EBD0E4 /* Resources */,
				29FBDB37289C5CC600EBD0E4 /* Embed Watch Content */,
			);
			buildRules = (
			);
			dependencies = (
				29FBDB15289C5CC100EBD0E4 /* PBXTargetDependency */,
			);
			name = RunningMetronome;
			productName = RunningMetronome;
			productReference = 29FBDB0E289C5CC100EBD0E4 /* RunningMetronome.app */;
			productType = "com.apple.product-type.application.watchapp2-container";
		};
		29FBDB11289C5CC100EBD0E4 /* RunningMetronome WatchKit App */ = {
			isa = PBXNativeTarget;
			buildConfigurationList = 29FBDB34289C5CC600EBD0E4 /* Build configuration list for PBXNativeTarget "RunningMetronome WatchKit App" */;
			buildPhases = (
				29FBDB10289C5CC100EBD0E4 /* Resources */,
				29FBDB33289C5CC600EBD0E4 /* Embed App Extensions */,
			);
			buildRules = (
			);
			dependencies = (
				29FBDB20289C5CC500EBD0E4 /* PBXTargetDependency */,
			);
			name = "RunningMetronome WatchKit App";
			productName = "RunningMetronome WatchKit App";
			productReference = 29FBDB12289C5CC100EBD0E4 /* RunningMetronome WatchKit App.app */;
			productType = "com.apple.product-type.application.watchapp2";
		};
		29FBDB1C289C5CC500EBD0E4 /* RunningMetronome WatchKit Extension */ = {
			isa = PBXNativeTarget;
			buildConfigurationList = 29FBDB30289C5CC600EBD0E4 /* Build configuration list for PBXNativeTarget "RunningMetronome WatchKit Extension" */;
			buildPhases = (
				29FBDB19289C5CC500EBD0E4 /* Sources */,
				29FBDB1A289C5CC500EBD0E4 /* Frameworks */,
				29FBDB1B289C5CC500EBD0E4 /* Resources */,
			);
			buildRules = (
			);
			dependencies = (
			);
			name = "RunningMetronome WatchKit Extension";
			productName = "RunningMetronome WatchKit Extension";
			productReference = 29FBDB1D289C5CC500EBD0E4 /* RunningMetronome WatchKit Extension.appex */;
			productType = "com.apple.product-type.watchkit2-extension";
		};
/* End PBXNativeTarget section */

/* Begin PBXProject section */
		29FBDB08289C5CC100EBD0E4 /* Project object */ = {
			isa = PBXProject;
			attributes = {
				BuildIndependentTargetsInParallel = 1;
				LastSwiftUpdateCheck = 1340;
				LastUpgradeCheck = 1340;
				TargetAttributes = {
					29FBDB0D289C5CC100EBD0E4 = {
						CreatedOnToolsVersion = 13.4.1;
					};
					29FBDB11289C5CC100EBD0E4 = {
						CreatedOnToolsVersion = 13.4.1;
					};
					29FBDB1C289C5CC500EBD0E4 = {
						CreatedOnToolsVersion = 13.4.1;
					};
				};
			};
			buildConfigurationList = 29FBDB0B289C5CC100EBD0E4 /* Build configuration list for PBXProject "RunningMetronome" */;
			compatibilityVersion = "Xcode 13.0";
			developmentRegion = en;
			hasScannedForEncodings = 0;
			knownRegions = (
				en,
				Base,
			);
			mainGroup = 29FBDB07289C5CC100EBD0E4;
			productRefGroup = 29FBDB0F289C5CC100EBD0E4 /* Products */;
			projectDirPath = "";
			projectRoot = "";
			targets = (
				29FBDB0D289C5CC100EBD0E4 /* RunningMetronome */,
				29FBDB11289C5CC100EBD0E4 /* RunningMetronome WatchKit App */,
				29FBDB1C289C5CC500EBD0E4 /* RunningMetronome WatchKit Extension */,
			);
		};
/* End PBXProject section */

/* Begin PBXResourcesBuildPhase section */
		29FBDB0C289C5CC100EBD0E4 /* Resources */ = {
			isa = PBXResourcesBuildPhase;
			buildActionMask = 2147483647;
			files = (
			);
			runOnlyForDeploymentPostprocessing = 0;
		};
		29FBDB10289C5CC100EBD0E4 /* Resources */ = {
			isa = PBXResourcesBuildPhase;
			buildActionMask = 2147483647;
			files = (
				29FBDB18289C5CC400EBD0E4 /* Assets.xcassets in Resources */,
			);
			runOnlyForDeploymentPostprocessing = 0;
		};
		29FBDB1B289C5CC500EBD0E4 /* Resources */ = {
			isa = PBXResourcesBuildPhase;
			buildActionMask = 2147483647;
			files = (
				29FBDB2C289C5CC600EBD0E4 /* Preview Assets.xcassets in Resources */,
				29FBDB29289C5CC600EBD0E4 /* Assets.xcassets in Resources */,
			);
			runOnlyForDeploymentPostprocessing = 0;
		};
/* End PBXResourcesBuildPhase section */

/* Begin PBXSourcesBuildPhase section */
		29FBDB19289C5CC500EBD0E4 /* Sources */ = {
			isa = PBXSourcesBuildPhase;
			buildActionMask = 2147483647;
			files = (
				29FBDB25289C5CC500EBD0E4 /* RunningMetronomeApp.swift in Sources */,
				29FBDB23289C5CC500EBD0E4 /* ContentView.swift in Sources */,
				29FBDB27289C5CC500EBD0E4 /* ComplicationController.swift in Sources */,
			);
			runOnlyForDeploymentPostprocessing = 0;
		};
/* End PBXSourcesBuildPhase section */

/* Begin PBXTargetDependency section */
		29FBDB15289C5CC100EBD0E4 /* PBXTargetDependency */ = {
			isa = PBXTargetDependency;
			target = 29FBDB11289C5CC100EBD0E4 /* RunningMetronome WatchKit App */;
			targetProxy = 29FBDB14289C5CC100EBD0E4 /* PBXContainerItemProxy */;
		};
		29FBDB20289C5CC500EBD0E4 /* PBXTargetDependency */ = {
			isa = PBXTargetDependency;
			target = 29FBDB1C289C5CC500EBD0E4 /* RunningMetronome WatchKit Extension */;
			targetProxy = 29FBDB1F289C5CC500EBD0E4 /* PBXContainerItemProxy */;
		};
/* End PBXTargetDependency section */

/* Begin XCBuildConfiguration section */
		29FBDB2E289C5CC600EBD0E4 /* Debug */ = {
			isa = XCBuildConfiguration;
			buildSettings = {
				ALWAYS_SEARCH_USER_PATHS = NO;
				CLANG_ANALYZER_NONNULL = YES;
				CLANG_ANALYZER_NUMBER_OBJECT_CONVERSION = YES_AGGRESSIVE;
				CLANG_CXX_LANGUAGE_STANDARD = "gnu++17";
				CLANG_ENABLE_MODULES = YES;
				CLANG_ENABLE_OBJC_ARC = YES;
				CLANG_ENABLE_OBJC_WEAK = YES;
				CLANG_WARN_BLOCK_CAPTURE_AUTORELEASING = YES;
				CLANG_WARN_BOOL_CONVERSION = YES;
				CLANG_WARN_COMMA = YES;
				CLANG_WARN_CONSTANT_CONVERSION = YES;
				CLANG_WARN_DEPRECATED_OBJC_IMPLEMENTATIONS = YES;
				CLANG_WARN_DIRECT_OBJC_ISA_USAGE = YES_ERROR;
				CLANG_WARN_DOCUMENTATION_COMMENTS = YES;
				CLANG_WARN_EMPTY_BODY = YES;
				CLANG_WARN_ENUM_CONVERSION = YES;
				CLANG_WARN_INFINITE_RECURSION = YES;
				CLANG_WARN_INT_CONVERSION = YES;
				CLANG_WARN_NON_LITERAL_NULL_CONVERSION = YES;
				CLANG_WARN_OBJC_IMPLICIT_RETAIN_SELF = YES;
				CLANG_WARN_OBJC_LITERAL_CONVERSION = YES;
				CLANG_WARN_OBJC_ROOT_CLASS = YES_ERROR;
				CLANG_WARN_QUOTED_INCLUDE_IN_FRAMEWORK_HEADER = YES;
				CLANG_WARN_RANGE_LOOP_ANALYSIS = YES;
				CLANG_WARN_STRICT_PROTOTYPES = YES;
				CLANG_WARN_SUSPICIOUS_MOVE = YES;
				CLANG_WARN_UNGUARDED_AVAILABILITY = YES_AGGRESSIVE;
				CLANG_WARN_UNREACHABLE_CODE = YES;
				CLANG_WARN__DUPLICATE_METHOD_MATCH = YES;
				COPY_PHASE_STRIP = NO;
				DEBUG_INFORMATION_FORMAT = dwarf;
				ENABLE_STRICT_OBJC_MSGSEND = YES;
				ENABLE_TESTABILITY = YES;
				GCC_C_LANGUAGE_STANDARD = gnu11;
				GCC_DYNAMIC_NO_PIC = NO;
				GCC_NO_COMMON_BLOCKS = YES;
				GCC_OPTIMIZATION_LEVEL = 0;
				GCC_PREPROCESSOR_DEFINITIONS = (
					"DEBUG=1",
					"$(inherited)",
				);
				GCC_WARN_64_TO_32_BIT_CONVERSION = YES;
				GCC_WARN_ABOUT_RETURN_TYPE = YES_ERROR;
				GCC_WARN_UNDECLARED_SELECTOR = YES;
				GCC_WARN_UNINITIALIZED_AUTOS = YES_AGGRESSIVE;
				GCC_WARN_UNUSED_FUNCTION = YES;
				GCC_WARN_UNUSED_VARIABLE = YES;
				MTL_ENABLE_DEBUG_INFO = INCLUDE_SOURCE;
				MTL_FAST_MATH = YES;
				ONLY_ACTIVE_ARCH = YES;
				SDKROOT = iphoneos;
				SWIFT_ACTIVE_COMPILATION_CONDITIONS = DEBUG;
				SWIFT_OPTIMIZATION_LEVEL = "-Onone";
			};
			name = Debug;
		};
		29FBDB2F289C5CC600EBD0E4 /* Release */ = {
			isa = XCBuildConfiguration;
			buildSettings = {
				ALWAYS_SEARCH_USER_PATHS = NO;
				CLANG_ANALYZER_NONNULL = YES;
				CLANG_ANALYZER_NUMBER_OBJECT_CONVERSION = YES_AGGRESSIVE;
				CLANG_CXX_LANGUAGE_STANDARD = "gnu++17";
				CLANG_ENABLE_MODULES = YES;
				CLANG_ENABLE_OBJC_ARC = YES;
				CLANG_ENABLE_OBJC_WEAK = YES;
				CLANG_WARN_BLOCK_CAPTURE_AUTORELEASING = YES;
				CLANG_WARN_BOOL_CONVERSION = YES;
				CLANG_WARN_COMMA = YES;
				CLANG_WARN_CONSTANT_CONVERSION = YES;
				CLANG_WARN_DEPRECATED_OBJC_IMPLEMENTATIONS = YES;
				CLANG_WARN_DIRECT_OBJC_ISA_USAGE = YES_ERROR;
				CLANG_WARN_DOCUMENTATION_COMMENTS = YES;
				CLANG_WARN_EMPTY_BODY = YES;
				CLANG_WARN_ENUM_CONVERSION = YES;
				CLANG_WARN_INFINITE_RECURSION = YES;
				CLANG_WARN_INT_CONVERSION = YES;
				CLANG_WARN_NON_LITERAL_NULL_CONVERSION = YES;
				CLANG_WARN_OBJC_IMPLICIT_RETAIN_SELF = YES;
				CLANG_WARN_OBJC_LITERAL_CONVERSION = YES;
				CLANG_WARN_OBJC_ROOT_CLASS = YES_ERROR;
				CLANG_WARN_QUOTED_INCLUDE_IN_FRAMEWORK_HEADER = YES;
				CLANG_WARN_RANGE_LOOP_ANALYSIS = YES;
				CLANG_WARN_STRICT_PROTOTYPES = YES;
				CLANG_WARN_SUSPICIOUS_MOVE = YES;
				CLANG_WARN_UNGUARDED_AVAILABILITY = YES_AGGRESSIVE;
				CLANG_WARN_UNREACHABLE_CODE = YES;
				CLANG_WARN__DUPLICATE_METHOD_MATCH = YES;
				COPY_PHASE_STRIP = NO;
				DEBUG_INFORMATION_FORMAT = "dwarf-with-dsym";
				ENABLE_NS_ASSERTIONS = NO;
				ENABLE_STRICT_OBJC_MSGSEND = YES;
				GCC_C_LANGUAGE_STANDARD = gnu11;
				GCC_NO_COMMON_BLOCKS = YES;
				GCC_WARN_64_TO_32_BIT_CONVERSION = YES;
				GCC_WARN_ABOUT_RETURN_TYPE = YES_ERROR;
				GCC_WARN_UNDECLARED_SELECTOR = YES;
				GCC_WARN_UNINITIALIZED_AUTOS = YES_AGGRESSIVE;
				GCC_WARN_UNUSED_FUNCTION = YES;
				GCC_WARN_UNUSED_VARIABLE = YES;
				MTL_ENABLE_DEBUG_INFO = NO;
				MTL_FAST_MATH = YES;
				SDKROOT = iphoneos;
				SWIFT_COMPILATION_MODE = wholemodule;
				SWIFT_OPTIMIZATION_LEVEL = "-O";
				VALIDATE_PRODUCT = YES;
			};
			name = Release;
		};
		29FBDB31289C5CC600EBD0E4 /* Debug */ = {
			isa = XCBuildConfiguration;
			buildSettings = {
				ASSETCATALOG_COMPILER_COMPLICATION_NAME = Complication;
				CODE_SIGN_STYLE = Automatic;
				CURRENT_PROJECT_VERSION = 1;
				DEVELOPMENT_ASSET_PATHS = "\"RunningMetronome WatchKit Extension/Preview Content\"";
				ENABLE_PREVIEWS = YES;
				GENERATE_INFOPLIST_FILE = YES;
				INFOPLIST_FILE = "RunningMetronome WatchKit Extension/Info.plist";
				INFOPLIST_KEY_CFBundleDisplayName = "RunningMetronome WatchKit Extension";
				INFOPLIST_KEY_CLKComplicationPrincipalClass = "$(PRODUCT_MODULE_NAME).ComplicationController";
				INFOPLIST_KEY_NSHumanReadableCopyright = "";
				INFOPLIST_KEY_WKWatchOnly = YES;
				LD_RUNPATH_SEARCH_PATHS = (
					"$(inherited)",
					"@executable_path/Frameworks",
					"@executable_path/../../Frameworks",
				);
				MARKETING_VERSION = 1.0;
				PRODUCT_BUNDLE_IDENTIFIER = com.NateStearley.RunningMetronome.watchkitapp.watchkitextension;
				PRODUCT_NAME = "${TARGET_NAME}";
				SDKROOT = watchos;
				SKIP_INSTALL = YES;
				SWIFT_EMIT_LOC_STRINGS = YES;
				SWIFT_VERSION = 5.0;
				TARGETED_DEVICE_FAMILY = 4;
				WATCHOS_DEPLOYMENT_TARGET = 8.5;
			};
			name = Debug;
		};
		29FBDB32289C5CC600EBD0E4 /* Release */ = {
			isa = XCBuildConfiguration;
			buildSettings = {
				ASSETCATALOG_COMPILER_COMPLICATION_NAME = Complication;
				CODE_SIGN_STYLE = Automatic;
				CURRENT_PROJECT_VERSION = 1;
				DEVELOPMENT_ASSET_PATHS = "\"RunningMetronome WatchKit Extension/Preview Content\"";
				ENABLE_PREVIEWS = YES;
				GENERATE_INFOPLIST_FILE = YES;
				INFOPLIST_FILE = "RunningMetronome WatchKit Extension/Info.plist";
				INFOPLIST_KEY_CFBundleDisplayName = "RunningMetronome WatchKit Extension";
				INFOPLIST_KEY_CLKComplicationPrincipalClass = "$(PRODUCT_MODULE_NAME).ComplicationController";
				INFOPLIST_KEY_NSHumanReadableCopyright = "";
				INFOPLIST_KEY_WKWatchOnly = YES;
				LD_RUNPATH_SEARCH_PATHS = (
					"$(inherited)",
					"@executable_path/Frameworks",
					"@executable_path/../../Frameworks",
				);
				MARKETING_VERSION = 1.0;
				PRODUCT_BUNDLE_IDENTIFIER = com.NateStearley.RunningMetronome.watchkitapp.watchkitextension;
				PRODUCT_NAME = "${TARGET_NAME}";
				SDKROOT = watchos;
				SKIP_INSTALL = YES;
				SWIFT_EMIT_LOC_STRINGS = YES;
				SWIFT_VERSION = 5.0;
				TARGETED_DEVICE_FAMILY = 4;
				WATCHOS_DEPLOYMENT_TARGET = 8.5;
			};
			name = Release;
		};
		29FBDB35289C5CC600EBD0E4 /* Debug */ = {
			isa = XCBuildConfiguration;
			buildSettings = {
				ALWAYS_EMBED_SWIFT_STANDARD_LIBRARIES = YES;
				ASSETCATALOG_COMPILER_APPICON_NAME = AppIcon;
				ASSETCATALOG_COMPILER_GLOBAL_ACCENT_COLOR_NAME = AccentColor;
				CODE_SIGN_STYLE = Automatic;
				CURRENT_PROJECT_VERSION = 1;
				GENERATE_INFOPLIST_FILE = YES;
				IBSC_MODULE = RunningMetronome_WatchKit_Extension;
				INFOPLIST_KEY_CFBundleDisplayName = "RunningMetronome WatchKit App";
				INFOPLIST_KEY_UISupportedInterfaceOrientations = "UIInterfaceOrientationPortrait UIInterfaceOrientationPortraitUpsideDown";
				MARKETING_VERSION = 1.0;
				PRODUCT_BUNDLE_IDENTIFIER = com.NateStearley.RunningMetronome.watchkitapp;
				PRODUCT_NAME = "$(TARGET_NAME)";
				SDKROOT = watchos;
				SKIP_INSTALL = YES;
				SWIFT_EMIT_LOC_STRINGS = YES;
				SWIFT_VERSION = 5.0;
				TARGETED_DEVICE_FAMILY = 4;
				WATCHOS_DEPLOYMENT_TARGET = 8.5;
			};
			name = Debug;
		};
		29FBDB36289C5CC600EBD0E4 /* Release */ = {
			isa = XCBuildConfiguration;
			buildSettings = {
				ALWAYS_EMBED_SWIFT_STANDARD_LIBRARIES = YES;
				ASSETCATALOG_COMPILER_APPICON_NAME = AppIcon;
				ASSETCATALOG_COMPILER_GLOBAL_ACCENT_COLOR_NAME = AccentColor;
				CODE_SIGN_STYLE = Automatic;
				CURRENT_PROJECT_VERSION = 1;
				GENERATE_INFOPLIST_FILE = YES;
				IBSC_MODULE = RunningMetronome_WatchKit_Extension;
				INFOPLIST_KEY_CFBundleDisplayName = "RunningMetronome WatchKit App";
				INFOPLIST_KEY_UISupportedInterfaceOrientations = "UIInterfaceOrientationPortrait UIInterfaceOrientationPortraitUpsideDown";
				MARKETING_VERSION = 1.0;
				PRODUCT_BUNDLE_IDENTIFIER = com.NateStearley.RunningMetronome.watchkitapp;
				PRODUCT_NAME = "$(TARGET_NAME)";
				SDKROOT = watchos;
				SKIP_INSTALL = YES;
				SWIFT_EMIT_LOC_STRINGS = YES;
				SWIFT_VERSION = 5.0;
				TARGETED_DEVICE_FAMILY = 4;
				WATCHOS_DEPLOYMENT_TARGET = 8.5;
			};
			name = Release;
		};
		29FBDB39289C5CC600EBD0E4 /* Debug */ = {
			isa = XCBuildConfiguration;
			buildSettings = {
				CODE_SIGN_STYLE = Automatic;
				CURRENT_PROJECT_VERSION = 1;
				MARKETING_VERSION = 1.0;
				PRODUCT_BUNDLE_IDENTIFIER = com.NateStearley.RunningMetronome;
				PRODUCT_NAME = "$(TARGET_NAME)";
				SWIFT_VERSION = 5.0;
			};
			name = Debug;
		};
		29FBDB3A289C5CC600EBD0E4 /* Release */ = {
			isa = XCBuildConfiguration;
			buildSettings = {
				CODE_SIGN_STYLE = Automatic;
				CURRENT_PROJECT_VERSION = 1;
				MARKETING_VERSION = 1.0;
				PRODUCT_BUNDLE_IDENTIFIER = com.NateStearley.RunningMetronome;
				PRODUCT_NAME = "$(TARGET_NAME)";
				SWIFT_VERSION = 5.0;
			};
			name = Release;
		};
/* End XCBuildConfiguration section */

/* Begin XCConfigurationList section */
		29FBDB0B289C5CC100EBD0E4 /* Build configuration list for PBXProject "RunningMetronome" */ = {
			isa = XCConfigurationList;
			buildConfigurations = (
				29FBDB2E289C5CC600EBD0E4 /* Debug */,
				29FBDB2F289C5CC600EBD0E4 /* Release */,
			);
			defaultConfigurationIsVisible = 0;
			defaultConfigurationName = Release;
		};
		29FBDB30289C5CC600EBD0E4 /* Build configuration list for PBXNativeTarget "RunningMetronome WatchKit Extension" */ = {
			isa = XCConfigurationList;
			buildConfigurations = (
				29FBDB31289C5CC600EBD0E4 /* Debug */,
				29FBDB32289C5CC600EBD0E4 /* Release */,
			);
			defaultConfigurationIsVisible = 0;
			defaultConfigurationName = Release;
		};
		29FBDB34289C5CC600EBD0E4 /* Build configuration list for PBXNativeTarget "RunningMetronome WatchKit App" */ = {
			isa = XCConfigurationList;
			buildConfigurations = (
				29FBDB35289C5CC600EBD0E4 /* Debug */,
				29FBDB36289C5CC600EBD0E4 /* Release */,
			);
			defaultConfigurationIsVisible = 0;
			defaultConfigurationName = Release;
		};
		29FBDB38289C5CC600EBD0E4 /* Build configuration list for PBXNativeTarget "RunningMetronome" */ = {
			isa = XCConfigurationList;
			buildConfigurations = (
				29FBDB39289C5CC600EBD0E4 /* Debug */,
				29FBDB3A289C5CC600EBD0E4 /* Release */,
			);
			defaultConfigurationIsVisible = 0;
			defaultConfigurationName = Release;
		};
/* End XCConfigurationList section */
	};
	rootObject = 29FBDB08289C5CC100EBD0E4 /* Project object */;
}
